
Microsoft Visual Studio Solution File, Format Version 12.00
# Visual Studio Version 17
VisualStudioVersion = 17.9.34723.18
MinimumVisualStudioVersion = 10.0.40219.1
Project("{FAE04EC0-301F-11D3-BF4B-00C04F79EFBC}") = "Multiples3sAnd5s", "Multiples3sAnd5s\Multiples3sAnd5s.csproj", "{2EE97371-CE61-48AD-B24D-4A6C38A139F0}"
EndProject
Global
	GlobalSection(SolutionConfigurationPlatforms) = preSolution
		Debug|Any CPU = Debug|Any CPU
		Release|Any CPU = Release|Any CPU
	EndGlobalSection
	GlobalSection(ProjectConfigurationPlatforms) = postSolution
		{2EE97371-CE61-48AD-B24D-4A6C38A139F0}.Debug|Any CPU.ActiveCfg = Debug|Any CPU
		{2EE97371-CE61-48AD-B24D-4A6C38A139F0}.Debug|Any CPU.Build.0 = Debug|Any CPU
		{2EE97371-CE61-48AD-B24D-4A6C38A139F0}.Release|Any CPU.ActiveCfg = Release|Any CPU
		{2EE97371-CE61-48AD-B24D-4A6C38A139F0}.Release|Any CPU.Build.0 = Release|Any CPU
	EndGlobalSection
	GlobalSection(SolutionProperties) = preSolution
		HideSolutionNode = FALSE
	EndGlobalSection
	GlobalSection(ExtensibilityGlobals) = postSolution
		SolutionGuid = {2B976112-E479-432E-A98E-31C77CCCA337}
	EndGlobalSection
EndGlobal
